
Microsoft Visual Studio Solution File, Format Version 12.00
# Visual Studio Version 17
VisualStudioVersion = 17.3.32819.101
MinimumVisualStudioVersion = 10.0.40219.1
Project("{9A19103F-16F7-4668-BE54-9A1E7A4F7556}") = "Xliff.OM", "Xliff.OM\Xliff.OM.csproj", "{F72462DB-976C-4E91-A82F-960B5D89AE1C}"
EndProject
Project("{FAE04EC0-301F-11D3-BF4B-00C04F79EFBC}") = "Xliff.Samples", "Xliff.Samples\Xliff.Samples.csproj", "{4B16D84A-5A6A-4EDF-8EB7-5DAB318879FC}"
EndProject
Project("{2150E333-8FDC-42A3-9474-1A3956D46DE8}") = "Solution Items", "Solution Items", "{D76CBB8A-3B0E-4C2D-8169-0A78125851F5}"
	ProjectSection(SolutionItems) = preProject
		.editorconfig = .editorconfig
	EndProjectSection
EndProject
Project("{FAE04EC0-301F-11D3-BF4B-00C04F79EFBC}") = "Xliff.OM.Tests", "Xliff.OM.Tests\Xliff.OM.Tests.csproj", "{381519C4-F501-4A4A-8A47-6AB3420F773D}"
EndProject
Global
	GlobalSection(SolutionConfigurationPlatforms) = preSolution
		Debug|Any CPU = Debug|Any CPU
		Release|Any CPU = Release|Any CPU
	EndGlobalSection
	GlobalSection(ProjectConfigurationPlatforms) = postSolution
		{F72462DB-976C-4E91-A82F-960B5D89AE1C}.Debug|Any CPU.ActiveCfg = Debug|Any CPU
		{F72462DB-976C-4E91-A82F-960B5D89AE1C}.Debug|Any CPU.Build.0 = Debug|Any CPU
		{F72462DB-976C-4E91-A82F-960B5D89AE1C}.Release|Any CPU.ActiveCfg = Release|Any CPU
		{F72462DB-976C-4E91-A82F-960B5D89AE1C}.Release|Any CPU.Build.0 = Release|Any CPU
		{4B16D84A-5A6A-4EDF-8EB7-5DAB318879FC}.Debug|Any CPU.ActiveCfg = Debug|Any CPU
		{4B16D84A-5A6A-4EDF-8EB7-5DAB318879FC}.Debug|Any CPU.Build.0 = Debug|Any CPU
		{4B16D84A-5A6A-4EDF-8EB7-5DAB318879FC}.Release|Any CPU.ActiveCfg = Release|Any CPU
		{4B16D84A-5A6A-4EDF-8EB7-5DAB318879FC}.Release|Any CPU.Build.0 = Release|Any CPU
		{381519C4-F501-4A4A-8A47-6AB3420F773D}.Debug|Any CPU.ActiveCfg = Debug|Any CPU
		{381519C4-F501-4A4A-8A47-6AB3420F773D}.Debug|Any CPU.Build.0 = Debug|Any CPU
		{381519C4-F501-4A4A-8A47-6AB3420F773D}.Release|Any CPU.ActiveCfg = Release|Any CPU
		{381519C4-F501-4A4A-8A47-6AB3420F773D}.Release|Any CPU.Build.0 = Release|Any CPU
	EndGlobalSection
	GlobalSection(SolutionProperties) = preSolution
		HideSolutionNode = FALSE
	EndGlobalSection
	GlobalSection(ExtensibilityGlobals) = postSolution
		SolutionGuid = {B899A8A0-A6C4-4812-B464-41CC69A2D241}
	EndGlobalSection
EndGlobal
